{
  "name": "conveyor-engine-example",
  "version": "0.0.1",
  "lockfileVersion": 3,
  "requires": true,
  "packages": {
    "": {
      "name": "conveyor-engine-example",
      "version": "0.0.1",
      "license": "ISC",
      "dependencies": {
        "conveyor-engine-assets": "file:../conveyor-engine-assets",
        "conveyor-engine-client": "file:../conveyor-engine-client",
        "conveyor-engine-core": "file:../conveyor-engine-core",
        "conveyor-engine-replication": "file:../conveyor-engine-replication",
        "conveyor-engine-three": "file:../conveyor-engine-three",
        "conveyor-engine-transport-ws": "file:../conveyor-engine-transport-ws",
        "conveyor-engine-world": "file:../conveyor-engine-world",
        "conveyor-graph": "file:../../conveyor-graph",
        "conveyor-graph-simulator": "file:../../conveyor-graph-simulator"
      },
      "devDependencies": {
        "@types/node": "^22.10.0",
        "typescript": "^5.8.2"
      }
    },
    "../../conveyor-graph": {
      "version": "0.1.7",
      "license": "ISC",
      "devDependencies": {
        "@types/node": "^22.10.0",
        "mysql2": "^3.14.0",
        "tsx": "^4.19.3",
        "typescript": "^5.8.2",
        "vitest": "^3.0.8"
      }
    },
    "../../conveyor-graph-simulator": {
      "version": "0.0.1",
      "license": "ISC",
      "devDependencies": {
        "@types/node": "^22.10.0",
        "conveyor-graph": "file:../conveyor-graph",
        "typescript": "^5.8.2"
      },
      "peerDependencies": {
        "conveyor-graph": ">=0.1.0"
      }
    },
    "../conveyor-engine-assets": {
      "version": "0.0.1",
      "license": "ISC",
      "dependencies": {
        "conveyor-engine-core": "file:../conveyor-engine-core"
      },
      "devDependencies": {
        "@types/node": "^22.10.0",
        "typescript": "^5.8.2"
      }
    },
    "../conveyor-engine-client": {
      "version": "0.0.1",
      "license": "ISC",
      "dependencies": {
        "conveyor-engine-core": "file:../conveyor-engine-core"
      },
      "devDependencies": {
        "@types/node": "^22.10.0",
        "typescript": "^5.8.2"
      }
    },
    "../conveyor-engine-core": {
      "version": "0.0.1",
      "license": "ISC",
      "devDependencies": {
        "@types/node": "^22.10.0",
        "typescript": "^5.8.2"
      }
    },
    "../conveyor-engine-replication": {
      "version": "0.0.1",
      "license": "ISC",
      "dependencies": {
        "conveyor-engine-core": "file:../conveyor-engine-core",
        "conveyor-engine-world": "file:../conveyor-engine-world"
      },
      "devDependencies": {
        "@types/node": "^22.10.0",
        "conveyor-graph": "file:../../conveyor-graph",
        "conveyor-graph-simulator": "file:../../conveyor-graph-simulator",
        "typescript": "^5.8.2"
      },
      "peerDependencies": {
        "conveyor-graph": ">=0.1.0",
        "conveyor-graph-simulator": ">=0.0.1"
      }
    },
    "../conveyor-engine-three": {
      "version": "0.0.1",
      "license": "ISC",
      "dependencies": {
        "conveyor-engine-client": "file:../conveyor-engine-client",
        "conveyor-engine-core": "file:../conveyor-engine-core"
      },
      "devDependencies": {
        "@types/node": "^22.10.0",
        "typescript": "^5.8.2"
      },
      "peerDependencies": {
        "three": ">=0.160.0"
      },
      "peerDependenciesMeta": {
        "three": {
          "optional": true
        }
      }
    },
    "../conveyor-engine-transport-ws": {
      "version": "0.0.1",
      "license": "ISC",
      "dependencies": {
        "conveyor-engine-core": "file:../conveyor-engine-core",
        "conveyor-engine-replication": "file:../conveyor-engine-replication",
        "ws": "^8.18.0"
      },
      "devDependencies": {
        "@types/node": "^22.10.0",
        "@types/ws": "^8.5.14",
        "conveyor-engine-world": "file:../conveyor-engine-world",
        "typescript": "^5.8.2"
      }
    },
    "../conveyor-engine-world": {
      "version": "0.0.1",
      "license": "ISC",
      "dependencies": {
        "conveyor-engine-assets": "file:../conveyor-engine-assets",
        "conveyor-engine-core": "file:../conveyor-engine-core"
      },
      "devDependencies": {
        "@types/node": "^22.10.0",
        "conveyor-graph": "file:../../conveyor-graph",
        "conveyor-graph-simulator": "file:../../conveyor-graph-simulator",
        "typescript": "^5.8.2"
      },
      "peerDependencies": {
        "conveyor-graph": ">=0.1.0",
        "conveyor-graph-simulator": ">=0.0.1"
      }
    },
    "node_modules/@types/node": {
      "version": "22.20.2",
      "resolved": "https://registry.npmjs.org/@types/node/-/node-22.20.2.tgz",
      "integrity": "sha512-xlvWf4Vs9n1PEVYwP1n4vvG07M6y8WgvJ2t0vbrWTmijsIHp1cS+uJ2kMIRdY3nHZK0nCYKrPeD171+SzF4/zw==",
      "dev": true,
      "license": "MIT",
      "dependencies": {
        "undici-types": "~6.21.0"
      }
    },
    "node_modules/conveyor-engine-assets": {
      "resolved": "../conveyor-engine-assets",
      "link": true
    },
    "node_modules/conveyor-engine-client": {
      "resolved": "../conveyor-engine-client",
      "link": true
    },
    "node_modules/conveyor-engine-core": {
      "resolved": "../conveyor-engine-core",
      "link": true
    },
    "node_modules/conveyor-engine-replication": {
      "resolved": "../conveyor-engine-replication",
      "link": true
    },
    "node_modules/conveyor-engine-three": {
      "resolved": "../conveyor-engine-three",
      "link": true
    },
    "node_modules/conveyor-engine-transport-ws": {
      "resolved": "../conveyor-engine-transport-ws",
      "link": true
    },
    "node_modules/conveyor-engine-world": {
      "resolved": "../conveyor-engine-world",
      "link": true
    },
    "node_modules/conveyor-graph": {
      "resolved": "../../conveyor-graph",
      "link": true
    },
    "node_modules/conveyor-graph-simulator": {
      "resolved": "../../conveyor-graph-simulator",
      "link": true
    },
    "node_modules/typescript": {
      "version": "5.9.3",
      "resolved": "https://registry.npmjs.org/typescript/-/typescript-5.9.3.tgz",
      "integrity": "sha512-jl1vZzPDinLr9eUt3J/t7V6FgNEw9QjvBPdysz9KfQDD41fQrC2Y4vKQdiaUpFT4bXlb1RHhLpp8wtm6M5TgSw==",
      "dev": true,
      "license": "Apache-2.0",
      "bin": {
        "tsc": "bin/tsc",
        "tsserver": "bin/tsserver"
      },
      "engines": {
        "node": ">=14.17"
      }
    },
    "node_modules/undici-types": {
      "version": "6.21.0",
      "resolved": "https://registry.npmjs.org/undici-types/-/undici-types-6.21.0.tgz",
      "integrity": "sha512-iwDZqg0QAGrg9Rav5H4n0M64c3mkR59cJ6wQp+7C4nI0gsmExaedaYLNO44eT4AtBBwjbTiGPMlt2Md0T9H9JQ==",
      "dev": true,
      "license": "MIT"
    }
  }
}
